// !$*UTF8*$!
{
	archiveVersion = 1;
	classes = {
	};
	objectVersion = 56;
	objects = {

/* Begin PBXBuildFile section */
		812CD9C72BF5AE6300D31813 /* CodeHistoryQuizApp.swift in Sources */ = {isa = PBXBuildFile; fileRef = 812CD9C62BF5AE6300D31813 /* CodeHistoryQuizApp.swift */; };
		812CD9C92BF5AE6300D31813 /* GameView.swift in Sources */ = {isa = PBXBuildFile; fileRef = 812CD9C82BF5AE6300D31813 /* GameView.swift */; };
		812CD9CB2BF5AE6400D31813 /* Assets.xcassets in Resources */ = {isa = PBXBuildFile; fileRef = 812CD9CA2BF5AE6400D31813 /* Assets.xcassets */; };
		812CD9CE2BF5AE6400D31813 /* Preview Assets.xcassets in Resources */ = {isa = PBXBuildFile; fileRef = 812CD9CD2BF5AE6400D31813 /* Preview Assets.xcassets */; };
		812CD9D62BF7C67600D31813 /* Question.swift in Sources */ = {isa = PBXBuildFile; fileRef = 812CD9D52BF7C67600D31813 /* Question.swift */; };
		812CD9D92BF7D3BA00D31813 /* ChoiceTextView.swift in Sources */ = {isa = PBXBuildFile; fileRef = 812CD9D82BF7D3BA00D31813 /* ChoiceTextView.swift */; };
		812CD9E12BF7E5AE00D31813 /* RoundedCross.swift in Sources */ = {isa = PBXBuildFile; fileRef = 812CD9DA2BF7E5AE00D31813 /* RoundedCross.swift */; };
		812CD9E22BF7E5AE00D31813 /* SlimRectangle.swift in Sources */ = {isa = PBXBuildFile; fileRef = 812CD9DB2BF7E5AE00D31813 /* SlimRectangle.swift */; };
		812CD9E32BF7E5AE00D31813 /* Triangle.swift in Sources */ = {isa = PBXBuildFile; fileRef = 812CD9DC2BF7E5AE00D31813 /* Triangle.swift */; };
		812CD9E42BF7E5AE00D31813 /* ConfettiSwiftUI.swift in Sources */ = {isa = PBXBuildFile; fileRef = 812CD9DE2BF7E5AE00D31813 /* ConfettiSwiftUI.swift */; };
		812CD9E52BF7E5AE00D31813 /* View+ConfettiCannon.swift in Sources */ = {isa = PBXBuildFile; fileRef = 812CD9DF2BF7E5AE00D31813 /* View+ConfettiCannon.swift */; };
		81622F9A2BFA855C0048947F /* GameViewModel.swift in Sources */ = {isa = PBXBuildFile; fileRef = 81622F992BFA855C0048947F /* GameViewModel.swift */; };
		817A039E2BF971130006A274 /* Game.swift in Sources */ = {isa = PBXBuildFile; fileRef = 817A039D2BF971130006A274 /* Game.swift */; };
		81807CA82BFA8D93008933AF /* QuestionView.swift in Sources */ = {isa = PBXBuildFile; fileRef = 81807CA72BFA8D93008933AF /* QuestionView.swift */; };
		81BFAD8E2BF99E28001355E7 /* WelcomeView.swift in Sources */ = {isa = PBXBuildFile; fileRef = 81BFAD8D2BF99E28001355E7 /* WelcomeView.swift */; };
		81BFAD912BF9B132001355E7 /* GameColor.swift in Sources */ = {isa = PBXBuildFile; fileRef = 81BFAD902BF9B132001355E7 /* GameColor.swift */; };
		81BFAD952BFA4EB3001355E7 /* BottomTextView.swift in Sources */ = {isa = PBXBuildFile; fileRef = 81BFAD942BFA4EB3001355E7 /* BottomTextView.swift */; };
/* End PBXBuildFile section */

/* Begin PBXFileReference section */
		812CD9C32BF5AE6300D31813 /* CodeHistoryQuiz.app */ = {isa = PBXFileReference; explicitFileType = wrapper.application; includeInIndex = 0; path = CodeHistoryQuiz.app; sourceTree = BUILT_PRODUCTS_DIR; };
		812CD9C62BF5AE6300D31813 /* CodeHistoryQuizApp.swift */ = {isa = PBXFileReference; lastKnownFileType = sourcecode.swift; path = CodeHistoryQuizApp.swift; sourceTree = "<group>"; };
		812CD9C82BF5AE6300D31813 /* GameView.swift */ = {isa = PBXFileReference; lastKnownFileType = sourcecode.swift; path = GameView.swift; sourceTree = "<group>"; };
		812CD9CA2BF5AE6400D31813 /* Assets.xcassets */ = {isa = PBXFileReference; lastKnownFileType = folder.assetcatalog; path = Assets.xcassets; sourceTree = "<group>"; };
		812CD9CD2BF5AE6400D31813 /* Preview Assets.xcassets */ = {isa = PBXFileReference; lastKnownFileType = folder.assetcatalog; path = "Preview Assets.xcassets"; sourceTree = "<group>"; };
		812CD9D52BF7C67600D31813 /* Question.swift */ = {isa = PBXFileReference; lastKnownFileType = sourcecode.swift; path = Question.swift; sourceTree = "<group>"; };
		812CD9D82BF7D3BA00D31813 /* ChoiceTextView.swift */ = {isa = PBXFileReference; lastKnownFileType = sourcecode.swift; path = ChoiceTextView.swift; sourceTree = "<group>"; };
		812CD9DA2BF7E5AE00D31813 /* RoundedCross.swift */ = {isa = PBXFileReference; fileEncoding = 4; lastKnownFileType = sourcecode.swift; path = RoundedCross.swift; sourceTree = "<group>"; };
		812CD9DB2BF7E5AE00D31813 /* SlimRectangle.swift */ = {isa = PBXFileReference; fileEncoding = 4; lastKnownFileType = sourcecode.swift; path = SlimRectangle.swift; sourceTree = "<group>"; };
		812CD9DC2BF7E5AE00D31813 /* Triangle.swift */ = {isa = PBXFileReference; fileEncoding = 4; lastKnownFileType = sourcecode.swift; path = Triangle.swift; sourceTree = "<group>"; };
		812CD9DE2BF7E5AE00D31813 /* ConfettiSwiftUI.swift */ = {isa = PBXFileReference; fileEncoding = 4; lastKnownFileType = sourcecode.swift; path = ConfettiSwiftUI.swift; sourceTree = "<group>"; };
		812CD9DF2BF7E5AE00D31813 /* View+ConfettiCannon.swift */ = {isa = PBXFileReference; fileEncoding = 4; lastKnownFileType = sourcecode.swift; path = "View+ConfettiCannon.swift"; sourceTree = "<group>"; };
		81622F992BFA855C0048947F /* GameViewModel.swift */ = {isa = PBXFileReference; lastKnownFileType = sourcecode.swift; path = GameViewModel.swift; sourceTree = "<group>"; };
		817A039D2BF971130006A274 /* Game.swift */ = {isa = PBXFileReference; lastKnownFileType = sourcecode.swift; path = Game.swift; sourceTree = "<group>"; };
		81807CA72BFA8D93008933AF /* QuestionView.swift */ = {isa = PBXFileReference; lastKnownFileType = sourcecode.swift; path = QuestionView.swift; sourceTree = "<group>"; };
		81BFAD8D2BF99E28001355E7 /* WelcomeView.swift */ = {isa = PBXFileReference; lastKnownFileType = sourcecode.swift; path = WelcomeView.swift; sourceTree = "<group>"; };
		81BFAD902BF9B132001355E7 /* GameColor.swift */ = {isa = PBXFileReference; lastKnownFileType = sourcecode.swift; path = GameColor.swift; sourceTree = "<group>"; };
		81BFAD942BFA4EB3001355E7 /* BottomTextView.swift */ = {isa = PBXFileReference; lastKnownFileType = sourcecode.swift; path = BottomTextView.swift; sourceTree = "<group>"; };
/* End PBXFileReference section */

/* Begin PBXFrameworksBuildPhase section */
		812CD9C02BF5AE6300D31813 /* Frameworks */ = {
			isa = PBXFrameworksBuildPhase;
			buildActionMask = 2147483647;
			files = (
			);
			runOnlyForDeploymentPostprocessing = 0;
		};
/* End PBXFrameworksBuildPhase section */

/* Begin PBXGroup section */
		812CD9BA2BF5AE6300D31813 = {
			isa = PBXGroup;
			children = (
				812CD9C52BF5AE6300D31813 /* CodeHistoryQuiz */,
				812CD9C42BF5AE6300D31813 /* Products */,
			);
			sourceTree = "<group>";
		};
		812CD9C42BF5AE6300D31813 /* Products */ = {
			isa = PBXGroup;
			children = (
				812CD9C32BF5AE6300D31813 /* CodeHistoryQuiz.app */,
			);
			name = Products;
			sourceTree = "<group>";
		};
		812CD9C52BF5AE6300D31813 /* CodeHistoryQuiz */ = {
			isa = PBXGroup;
			children = (
				812CD9C62BF5AE6300D31813 /* CodeHistoryQuizApp.swift */,
				812CD9D42BF7C66500D31813 /* Models */,
				81622F982BFA85050048947F /* ViewModels */,
				812CD9D72BF7D3A700D31813 /* Views */,
				812CD9E02BF7E5AE00D31813 /* Sources */,
				812CD9CA2BF5AE6400D31813 /* Assets.xcassets */,
				812CD9CC2BF5AE6400D31813 /* Preview Content */,
			);
			path = CodeHistoryQuiz;
			sourceTree = "<group>";
		};
		812CD9CC2BF5AE6400D31813 /* Preview Content */ = {
			isa = PBXGroup;
			children = (
				812CD9CD2BF5AE6400D31813 /* Preview Assets.xcassets */,
			);
			path = "Preview Content";
			sourceTree = "<group>";
		};
		812CD9D42BF7C66500D31813 /* Models */ = {
			isa = PBXGroup;
			children = (
				812CD9D52BF7C67600D31813 /* Question.swift */,
				817A039D2BF971130006A274 /* Game.swift */,
			);
			path = Models;
			sourceTree = "<group>";
		};
		812CD9D72BF7D3A700D31813 /* Views */ = {
			isa = PBXGroup;
			children = (
				81BFAD922BFA4E55001355E7 /* MainViews */,
				81BFAD932BFA4E79001355E7 /* SubViews */,
				815CA7192BFABC470076D216 /* Components */,
				81BFAD8F2BF9B110001355E7 /* Styles */,
			);
			path = Views;
			sourceTree = "<group>";
		};
		812CD9DD2BF7E5AE00D31813 /* Shapes */ = {
			isa = PBXGroup;
			children = (
				812CD9DA2BF7E5AE00D31813 /* RoundedCross.swift */,
				812CD9DB2BF7E5AE00D31813 /* SlimRectangle.swift */,
				812CD9DC2BF7E5AE00D31813 /* Triangle.swift */,
			);
			path = Shapes;
			sourceTree = "<group>";
		};
		812CD9E02BF7E5AE00D31813 /* Sources */ = {
			isa = PBXGroup;
			children = (
				812CD9DD2BF7E5AE00D31813 /* Shapes */,
				812CD9DE2BF7E5AE00D31813 /* ConfettiSwiftUI.swift */,
				812CD9DF2BF7E5AE00D31813 /* View+ConfettiCannon.swift */,
			);
			path = Sources;
			sourceTree = SOURCE_ROOT;
		};
		815CA7192BFABC470076D216 /* Components */ = {
			isa = PBXGroup;
			children = (
				812CD9D82BF7D3BA00D31813 /* ChoiceTextView.swift */,
				81BFAD942BFA4EB3001355E7 /* BottomTextView.swift */,
			);
			path = Components;
			sourceTree = "<group>";
		};
		81622F982BFA85050048947F /* ViewModels */ = {
			isa = PBXGroup;
			children = (
				81622F992BFA855C0048947F /* GameViewModel.swift */,
			);
			path = ViewModels;
			sourceTree = "<group>";
		};
		81BFAD8F2BF9B110001355E7 /* Styles */ = {
			isa = PBXGroup;
			children = (
				81BFAD902BF9B132001355E7 /* GameColor.swift */,
			);
			path = Styles;
			sourceTree = "<group>";
		};
		81BFAD922BFA4E55001355E7 /* MainViews */ = {
			isa = PBXGroup;
			children = (
				81BFAD8D2BF99E28001355E7 /* WelcomeView.swift */,
				812CD9C82BF5AE6300D31813 /* GameView.swift */,
			);
			path = MainViews;
			sourceTree = "<group>";
		};
		81BFAD932BFA4E79001355E7 /* SubViews */ = {
			isa = PBXGroup;
			children = (
				81807CA72BFA8D93008933AF /* QuestionView.swift */,
			);
			path = SubViews;
			sourceTree = "<group>";
		};
/* End PBXGroup section */

/* Begin PBXNativeTarget section */
		812CD9C22BF5AE6300D31813 /* CodeHistoryQuiz */ = {
			isa = PBXNativeTarget;
			buildConfigurationList = 812CD9D12BF5AE6400D31813 /* Build configuration list for PBXNativeTarget "CodeHistoryQuiz" */;
			buildPhases = (
				812CD9BF2BF5AE6300D31813 /* Sources */,
				812CD9C02BF5AE6300D31813 /* Frameworks */,
				812CD9C12BF5AE6300D31813 /* Resources */,
			);
			buildRules = (
			);
			dependencies = (
			);
			name = CodeHistoryQuiz;
			productName = CodeHistoryQuiz;
			productReference = 812CD9C32BF5AE6300D31813 /* CodeHistoryQuiz.app */;
			productType = "com.apple.product-type.application";
		};
/* End PBXNativeTarget section */

/* Begin PBXProject section */
		812CD9BB2BF5AE6300D31813 /* Project object */ = {
			isa = PBXProject;
			attributes = {
				BuildIndependentTargetsInParallel = 1;
				LastSwiftUpdateCheck = 1540;
				LastUpgradeCheck = 1540;
				TargetAttributes = {
					812CD9C22BF5AE6300D31813 = {
						CreatedOnToolsVersion = 15.4;
					};
				};
			};
			buildConfigurationList = 812CD9BE2BF5AE6300D31813 /* Build configuration list for PBXProject "CodeHistoryQuiz" */;
			compatibilityVersion = "Xcode 14.0";
			developmentRegion = en;
			hasScannedForEncodings = 0;
			knownRegions = (
				en,
				Base,
			);
			mainGroup = 812CD9BA2BF5AE6300D31813;
			productRefGroup = 812CD9C42BF5AE6300D31813 /* Products */;
			projectDirPath = "";
			projectRoot = "";
			targets = (
				812CD9C22BF5AE6300D31813 /* CodeHistoryQuiz */,
			);
		};
/* End PBXProject section */

/* Begin PBXResourcesBuildPhase section */
		812CD9C12BF5AE6300D31813 /* Resources */ = {
			isa = PBXResourcesBuildPhase;
			buildActionMask = 2147483647;
			files = (
				812CD9CE2BF5AE6400D31813 /* Preview Assets.xcassets in Resources */,
				812CD9CB2BF5AE6400D31813 /* Assets.xcassets in Resources */,
			);
			runOnlyForDeploymentPostprocessing = 0;
		};
/* End PBXResourcesBuildPhase section */

/* Begin PBXSourcesBuildPhase section */
		812CD9BF2BF5AE6300D31813 /* Sources */ = {
			isa = PBXSourcesBuildPhase;
			buildActionMask = 2147483647;
			files = (
				812CD9E52BF7E5AE00D31813 /* View+ConfettiCannon.swift in Sources */,
				81BFAD952BFA4EB3001355E7 /* BottomTextView.swift in Sources */,
				817A039E2BF971130006A274 /* Game.swift in Sources */,
				812CD9D62BF7C67600D31813 /* Question.swift in Sources */,
				812CD9C92BF5AE6300D31813 /* GameView.swift in Sources */,
				812CD9E22BF7E5AE00D31813 /* SlimRectangle.swift in Sources */,
				81622F9A2BFA855C0048947F /* GameViewModel.swift in Sources */,
				812CD9D92BF7D3BA00D31813 /* ChoiceTextView.swift in Sources */,
				81BFAD8E2BF99E28001355E7 /* WelcomeView.swift in Sources */,
				81BFAD912BF9B132001355E7 /* GameColor.swift in Sources */,
				81807CA82BFA8D93008933AF /* QuestionView.swift in Sources */,
				812CD9E12BF7E5AE00D31813 /* RoundedCross.swift in Sources */,
				812CD9E32BF7E5AE00D31813 /* Triangle.swift in Sources */,
				812CD9C72BF5AE6300D31813 /* CodeHistoryQuizApp.swift in Sources */,
				812CD9E42BF7E5AE00D31813 /* ConfettiSwiftUI.swift in Sources */,
			);
			runOnlyForDeploymentPostprocessing = 0;
		};
/* End PBXSourcesBuildPhase section */

/* Begin XCBuildConfiguration section */
		812CD9CF2BF5AE6400D31813 /* Debug */ = {
			isa = XCBuildConfiguration;
			buildSettings = {
				ALWAYS_SEARCH_USER_PATHS = NO;
				ASSETCATALOG_COMPILER_GENERATE_SWIFT_ASSET_SYMBOL_EXTENSIONS = YES;
				CLANG_ANALYZER_NONNULL = YES;
				CLANG_ANALYZER_NUMBER_OBJECT_CONVERSION = YES_AGGRESSIVE;
				CLANG_CXX_LANGUAGE_STANDARD = "gnu++20";
				CLANG_ENABLE_MODULES = YES;
				CLANG_ENABLE_OBJC_ARC = YES;
				CLANG_ENABLE_OBJC_WEAK = YES;
				CLANG_WARN_BLOCK_CAPTURE_AUTORELEASING = YES;
				CLANG_WARN_BOOL_CONVERSION = YES;
				CLANG_WARN_COMMA = YES;
				CLANG_WARN_CONSTANT_CONVERSION = YES;
				CLANG_WARN_DEPRECATED_OBJC_IMPLEMENTATIONS = YES;
				CLANG_WARN_DIRECT_OBJC_ISA_USAGE = YES_ERROR;
				CLANG_WARN_DOCUMENTATION_COMMENTS = YES;
				CLANG_WARN_EMPTY_BODY = YES;
				CLANG_WARN_ENUM_CONVERSION = YES;
				CLANG_WARN_INFINITE_RECURSION = YES;
				CLANG_WARN_INT_CONVERSION = YES;
				CLANG_WARN_NON_LITERAL_NULL_CONVERSION = YES;
				CLANG_WARN_OBJC_IMPLICIT_RETAIN_SELF = YES;
				CLANG_WARN_OBJC_LITERAL_CONVERSION = YES;
				CLANG_WARN_OBJC_ROOT_CLASS = YES_ERROR;
				CLANG_WARN_QUOTED_INCLUDE_IN_FRAMEWORK_HEADER = YES;
				CLANG_WARN_RANGE_LOOP_ANALYSIS = YES;
				CLANG_WARN_STRICT_PROTOTYPES = YES;
				CLANG_WARN_SUSPICIOUS_MOVE = YES;
				CLANG_WARN_UNGUARDED_AVAILABILITY = YES_AGGRESSIVE;
				CLANG_WARN_UNREACHABLE_CODE = YES;
				CLANG_WARN__DUPLICATE_METHOD_MATCH = YES;
				COPY_PHASE_STRIP = NO;
				DEBUG_INFORMATION_FORMAT = dwarf;
				ENABLE_STRICT_OBJC_MSGSEND = YES;
				ENABLE_TESTABILITY = YES;
				ENABLE_USER_SCRIPT_SANDBOXING = YES;
				GCC_C_LANGUAGE_STANDARD = gnu17;
				GCC_DYNAMIC_NO_PIC = NO;
				GCC_NO_COMMON_BLOCKS = YES;
				GCC_OPTIMIZATION_LEVEL = 0;
				GCC_PREPROCESSOR_DEFINITIONS = (
					"DEBUG=1",
					"$(inherited)",
				);
				GCC_WARN_64_TO_32_BIT_CONVERSION = YES;
				GCC_WARN_ABOUT_RETURN_TYPE = YES_ERROR;
				GCC_WARN_UNDECLARED_SELECTOR = YES;
				GCC_WARN_UNINITIALIZED_AUTOS = YES_AGGRESSIVE;
				GCC_WARN_UNUSED_FUNCTION = YES;
				GCC_WARN_UNUSED_VARIABLE = YES;
				IPHONEOS_DEPLOYMENT_TARGET = 17.5;
				LOCALIZATION_PREFERS_STRING_CATALOGS = YES;
				MTL_ENABLE_DEBUG_INFO = INCLUDE_SOURCE;
				MTL_FAST_MATH = YES;
				ONLY_ACTIVE_ARCH = YES;
				SDKROOT = iphoneos;
				SWIFT_ACTIVE_COMPILATION_CONDITIONS = "DEBUG $(inherited)";
				SWIFT_OPTIMIZATION_LEVEL = "-Onone";
			};
			name = Debug;
		};
		812CD9D02BF5AE6400D31813 /* Release */ = {
			isa = XCBuildConfiguration;
			buildSettings = {
				ALWAYS_SEARCH_USER_PATHS = NO;
				ASSETCATALOG_COMPILER_GENERATE_SWIFT_ASSET_SYMBOL_EXTENSIONS = YES;
				CLANG_ANALYZER_NONNULL = YES;
				CLANG_ANALYZER_NUMBER_OBJECT_CONVERSION = YES_AGGRESSIVE;
				CLANG_CXX_LANGUAGE_STANDARD = "gnu++20";
				CLANG_ENABLE_MODULES = YES;
				CLANG_ENABLE_OBJC_ARC = YES;
				CLANG_ENABLE_OBJC_WEAK = YES;
				CLANG_WARN_BLOCK_CAPTURE_AUTORELEASING = YES;
				CLANG_WARN_BOOL_CONVERSION = YES;
				CLANG_WARN_COMMA = YES;
				CLANG_WARN_CONSTANT_CONVERSION = YES;
				CLANG_WARN_DEPRECATED_OBJC_IMPLEMENTATIONS = YES;
				CLANG_WARN_DIRECT_OBJC_ISA_USAGE = YES_ERROR;
				CLANG_WARN_DOCUMENTATION_COMMENTS = YES;
				CLANG_WARN_EMPTY_BODY = YES;
				CLANG_WARN_ENUM_CONVERSION = YES;
				CLANG_WARN_INFINITE_RECURSION = YES;
				CLANG_WARN_INT_CONVERSION = YES;
				CLANG_WARN_NON_LITERAL_NULL_CONVERSION = YES;
				CLANG_WARN_OBJC_IMPLICIT_RETAIN_SELF = YES;
				CLANG_WARN_OBJC_LITERAL_CONVERSION = YES;
				CLANG_WARN_OBJC_ROOT_CLASS = YES_ERROR;
				CLANG_WARN_QUOTED_INCLUDE_IN_FRAMEWORK_HEADER = YES;
				CLANG_WARN_RANGE_LOOP_ANALYSIS = YES;
				CLANG_WARN_STRICT_PROTOTYPES = YES;
				CLANG_WARN_SUSPICIOUS_MOVE = YES;
				CLANG_WARN_UNGUARDED_AVAILABILITY = YES_AGGRESSIVE;
				CLANG_WARN_UNREACHABLE_CODE = YES;
				CLANG_WARN__DUPLICATE_METHOD_MATCH = YES;
				COPY_PHASE_STRIP = NO;
				DEBUG_INFORMATION_FORMAT = "dwarf-with-dsym";
				ENABLE_NS_ASSERTIONS = NO;
				ENABLE_STRICT_OBJC_MSGSEND = YES;
				ENABLE_USER_SCRIPT_SANDBOXING = YES;
				GCC_C_LANGUAGE_STANDARD = gnu17;
				GCC_NO_COMMON_BLOCKS = YES;
				GCC_WARN_64_TO_32_BIT_CONVERSION = YES;
				GCC_WARN_ABOUT_RETURN_TYPE = YES_ERROR;
				GCC_WARN_UNDECLARED_SELECTOR = YES;
				GCC_WARN_UNINITIALIZED_AUTOS = YES_AGGRESSIVE;
				GCC_WARN_UNUSED_FUNCTION = YES;
				GCC_WARN_UNUSED_VARIABLE = YES;
				IPHONEOS_DEPLOYMENT_TARGET = 17.5;
				LOCALIZATION_PREFERS_STRING_CATALOGS = YES;
				MTL_ENABLE_DEBUG_INFO = NO;
				MTL_FAST_MATH = YES;
				SDKROOT = iphoneos;
				SWIFT_COMPILATION_MODE = wholemodule;
				VALIDATE_PRODUCT = YES;
			};
			name = Release;
		};
		812CD9D22BF5AE6400D31813 /* Debug */ = {
			isa = XCBuildConfiguration;
			buildSettings = {
				ASSETCATALOG_COMPILER_APPICON_NAME = AppIcon;
				ASSETCATALOG_COMPILER_GLOBAL_ACCENT_COLOR_NAME = AccentColor;
				CODE_SIGN_STYLE = Automatic;
				CURRENT_PROJECT_VERSION = 1;
				DEVELOPMENT_ASSET_PATHS = "\"CodeHistoryQuiz/Preview Content\"";
				DEVELOPMENT_TEAM = XYA7963623;
				ENABLE_PREVIEWS = YES;
				GENERATE_INFOPLIST_FILE = YES;
				INFOPLIST_KEY_UIApplicationSceneManifest_Generation = YES;
				INFOPLIST_KEY_UIApplicationSupportsIndirectInputEvents = YES;
				INFOPLIST_KEY_UILaunchScreen_Generation = YES;
				INFOPLIST_KEY_UISupportedInterfaceOrientations_iPad = "UIInterfaceOrientationPortrait UIInterfaceOrientationPortraitUpsideDown UIInterfaceOrientationLandscapeLeft UIInterfaceOrientationLandscapeRight";
				INFOPLIST_KEY_UISupportedInterfaceOrientations_iPhone = "UIInterfaceOrientationPortrait UIInterfaceOrientationLandscapeLeft UIInterfaceOrientationLandscapeRight";
				LD_RUNPATH_SEARCH_PATHS = (
					"$(inherited)",
					"@executable_path/Frameworks",
				);
				MARKETING_VERSION = 1.0;
				PRODUCT_BUNDLE_IDENTIFIER = OverNineThousand.CodeHistoryQuiz;
				PRODUCT_NAME = "$(TARGET_NAME)";
				SWIFT_EMIT_LOC_STRINGS = YES;
				SWIFT_VERSION = 5.0;
				TARGETED_DEVICE_FAMILY = "1,2";
			};
			name = Debug;
		};
		812CD9D32BF5AE6400D31813 /* Release */ = {
			isa = XCBuildConfiguration;
			buildSettings = {
				ASSETCATALOG_COMPILER_APPICON_NAME = AppIcon;
				ASSETCATALOG_COMPILER_GLOBAL_ACCENT_COLOR_NAME = AccentColor;
				CODE_SIGN_STYLE = Automatic;
				CURRENT_PROJECT_VERSION = 1;
				DEVELOPMENT_ASSET_PATHS = "\"CodeHistoryQuiz/Preview Content\"";
				DEVELOPMENT_TEAM = XYA7963623;
				ENABLE_PREVIEWS = YES;
				GENERATE_INFOPLIST_FILE = YES;
				INFOPLIST_KEY_UIApplicationSceneManifest_Generation = YES;
				INFOPLIST_KEY_UIApplicationSupportsIndirectInputEvents = YES;
				INFOPLIST_KEY_UILaunchScreen_Generation = YES;
				INFOPLIST_KEY_UISupportedInterfaceOrientations_iPad = "UIInterfaceOrientationPortrait UIInterfaceOrientationPortraitUpsideDown UIInterfaceOrientationLandscapeLeft UIInterfaceOrientationLandscapeRight";
				INFOPLIST_KEY_UISupportedInterfaceOrientations_iPhone = "UIInterfaceOrientationPortrait UIInterfaceOrientationLandscapeLeft UIInterfaceOrientationLandscapeRight";
				LD_RUNPATH_SEARCH_PATHS = (
					"$(inherited)",
					"@executable_path/Frameworks",
				);
				MARKETING_VERSION = 1.0;
				PRODUCT_BUNDLE_IDENTIFIER = OverNineThousand.CodeHistoryQuiz;
				PRODUCT_NAME = "$(TARGET_NAME)";
				SWIFT_EMIT_LOC_STRINGS = YES;
				SWIFT_VERSION = 5.0;
				TARGETED_DEVICE_FAMILY = "1,2";
			};
			name = Release;
		};
/* End XCBuildConfiguration section */

/* Begin XCConfigurationList section */
		812CD9BE2BF5AE6300D31813 /* Build configuration list for PBXProject "CodeHistoryQuiz" */ = {
			isa = XCConfigurationList;
			buildConfigurations = (
				812CD9CF2BF5AE6400D31813 /* Debug */,
				812CD9D02BF5AE6400D31813 /* Release */,
			);
			defaultConfigurationIsVisible = 0;
			defaultConfigurationName = Release;
		};
		812CD9D12BF5AE6400D31813 /* Build configuration list for PBXNativeTarget "CodeHistoryQuiz" */ = {
			isa = XCConfigurationList;
			buildConfigurations = (
				812CD9D22BF5AE6400D31813 /* Debug */,
				812CD9D32BF5AE6400D31813 /* Release */,
			);
			defaultConfigurationIsVisible = 0;
			defaultConfigurationName = Release;
		};
/* End XCConfigurationList section */
	};
	rootObject = 812CD9BB2BF5AE6300D31813 /* Project object */;
}
